
Microsoft Visual Studio Solution File, Format Version 12.00
# Visual Studio Version 17
VisualStudioVersion = 17.14.36212.18
MinimumVisualStudioVersion = 10.0.40219.1
Project("{FAE04EC0-301F-11D3-BF4B-00C04F79EFBC}") = "SharedKernel", "Shared\SharedKernel\SharedKernel.csproj", "{75F7FF39-415A-051E-9D8A-84A65B2A3F92}"
EndProject
Project("{2150E333-8FDC-42A3-9474-1A3956D46DE8}") = "Shared", "Shared", "{02EA681E-C7D8-13C7-8484-4AC65E1B71E8}"
EndProject
Project("{2150E333-8FDC-42A3-9474-1A3956D46DE8}") = "OCRService", "OCRService", "{F6DB53EF-671E-4EBD-AE62-409BB592657B}"
	ProjectSection(SolutionItems) = preProject
		OCRService\.env = OCRService\.env
	EndProjectSection
EndProject
Project("{FAE04EC0-301F-11D3-BF4B-00C04F79EFBC}") = "OCRService.API", "OCRService\OCRService.API\OCRService.API.csproj", "{C2099E53-6445-3FB6-1D2B-B607A16C1BCF}"
EndProject
Project("{FAE04EC0-301F-11D3-BF4B-00C04F79EFBC}") = "OCRService.Application", "OCRService\OCRService.Application\OCRService.Application.csproj", "{205DFB88-1E1B-DC1B-0472-420B678B589D}"
EndProject
Project("{FAE04EC0-301F-11D3-BF4B-00C04F79EFBC}") = "OCRService.Domain", "OCRService\OCRService.Domain\OCRService.Domain.csproj", "{09313B20-899F-BFC4-E175-53E8EC472A53}"
EndProject
Project("{FAE04EC0-301F-11D3-BF4B-00C04F79EFBC}") = "OCRService.Infrastructure", "OCRService\OCRService.Infrastructure\OCRService.Infrastructure.csproj", "{B684F2B2-BA45-ECF6-B70B-4E1B517E8109}"
EndProject
Project("{FAE04EC0-301F-11D3-BF4B-00C04F79EFBC}") = "OCRService.Presentation", "OCRService\OCRService.Presentation\OCRService.Presentation.csproj", "{4BB3DC0B-212E-F35E-3132-7F83D704F645}"
EndProject
Project("{E53339B2-1760-4266-BCC7-CA923CBCF16C}") = "docker-compose", "docker-compose.dcproj", "{81DDED9D-158B-E303-5F62-77A2896D2A5A}"
EndProject
Project("{FAE04EC0-301F-11D3-BF4B-00C04F79EFBC}") = "OCRService.Config", "OCRService\OCRService.Config\OCRService.Config.csproj", "{7773ABC4-F579-B0BC-5429-4B1CF40D1ED0}"
EndProject
Project("{2150E333-8FDC-42A3-9474-1A3956D46DE8}") = "VQAService", "VQAService", "{D373E46E-FAC0-4EE1-B45A-6BD7E582E7C5}"
EndProject
Project("{FAE04EC0-301F-11D3-BF4B-00C04F79EFBC}") = "VQAService.API", "VQAService\VQAService.API\VQAService.API.csproj", "{74AEC53E-C374-BBED-8292-92413F79C1A2}"
EndProject
Project("{FAE04EC0-301F-11D3-BF4B-00C04F79EFBC}") = "VQAService.Application", "VQAService\VQAService.Application\VQAService.Application.csproj", "{06AB389D-8605-660E-C772-735FC7857F93}"
EndProject
Project("{FAE04EC0-301F-11D3-BF4B-00C04F79EFBC}") = "VQAService.Config", "VQAService\VQAService.Config\VQAService.Config.csproj", "{ABEC2ACD-2D81-2DC6-06A8-40AC178193B3}"
EndProject
Project("{FAE04EC0-301F-11D3-BF4B-00C04F79EFBC}") = "VQAService.Domain", "VQAService\VQAService.Domain\VQAService.Domain.csproj", "{586CB13F-9910-953B-3D72-33CE13ED793F}"
EndProject
Project("{FAE04EC0-301F-11D3-BF4B-00C04F79EFBC}") = "VQAService.Infrastructure", "VQAService\VQAService.Infrastructure\VQAService.Infrastructure.csproj", "{7C1DE3D9-5165-D8E4-ECA0-B43160A290F9}"
EndProject
Project("{FAE04EC0-301F-11D3-BF4B-00C04F79EFBC}") = "VQAService.Presentation", "VQAService\VQAService.Presentation\VQAService.Presentation.csproj", "{E3C45503-AB72-279C-1F7D-B996A87CD569}"
EndProject
Project("{2150E333-8FDC-42A3-9474-1A3956D46DE8}") = "Gateway", "Gateway", "{1942DD76-040F-4A11-AF42-18AF52C1AB53}"
EndProject
Project("{FAE04EC0-301F-11D3-BF4B-00C04F79EFBC}") = "Gateway.API", "Gateway\Gateway.API\Gateway.API.csproj", "{45FF5A82-1E95-9DBF-4A6B-852FC6674608}"
EndProject
Project("{2150E333-8FDC-42A3-9474-1A3956D46DE8}") = "IdenttiyService", "IdenttiyService", "{A435C6BF-860F-49BB-B449-1D550866B318}"
EndProject
Project("{FAE04EC0-301F-11D3-BF4B-00C04F79EFBC}") = "IdentityService.API", "IdentityService\IdentityService.API\IdentityService.API.csproj", "{57026528-2641-2859-47F9-9F477CC789D5}"
EndProject
Global
	GlobalSection(SolutionConfigurationPlatforms) = preSolution
		Debug|Any CPU = Debug|Any CPU
		Release|Any CPU = Release|Any CPU
	EndGlobalSection
	GlobalSection(ProjectConfigurationPlatforms) = postSolution
		{75F7FF39-415A-051E-9D8A-84A65B2A3F92}.Debug|Any CPU.ActiveCfg = Debug|Any CPU
		{75F7FF39-415A-051E-9D8A-84A65B2A3F92}.Debug|Any CPU.Build.0 = Debug|Any CPU
		{75F7FF39-415A-051E-9D8A-84A65B2A3F92}.Release|Any CPU.ActiveCfg = Release|Any CPU
		{75F7FF39-415A-051E-9D8A-84A65B2A3F92}.Release|Any CPU.Build.0 = Release|Any CPU
		{C2099E53-6445-3FB6-1D2B-B607A16C1BCF}.Debug|Any CPU.ActiveCfg = Debug|Any CPU
		{C2099E53-6445-3FB6-1D2B-B607A16C1BCF}.Debug|Any CPU.Build.0 = Debug|Any CPU
		{C2099E53-6445-3FB6-1D2B-B607A16C1BCF}.Release|Any CPU.ActiveCfg = Release|Any CPU
		{C2099E53-6445-3FB6-1D2B-B607A16C1BCF}.Release|Any CPU.Build.0 = Release|Any CPU
		{205DFB88-1E1B-DC1B-0472-420B678B589D}.Debug|Any CPU.ActiveCfg = Debug|Any CPU
		{205DFB88-1E1B-DC1B-0472-420B678B589D}.Debug|Any CPU.Build.0 = Debug|Any CPU
		{205DFB88-1E1B-DC1B-0472-420B678B589D}.Release|Any CPU.ActiveCfg = Release|Any CPU
		{205DFB88-1E1B-DC1B-0472-420B678B589D}.Release|Any CPU.Build.0 = Release|Any CPU
		{09313B20-899F-BFC4-E175-53E8EC472A53}.Debug|Any CPU.ActiveCfg = Debug|Any CPU
		{09313B20-899F-BFC4-E175-53E8EC472A53}.Debug|Any CPU.Build.0 = Debug|Any CPU
		{09313B20-899F-BFC4-E175-53E8EC472A53}.Release|Any CPU.ActiveCfg = Release|Any CPU
		{09313B20-899F-BFC4-E175-53E8EC472A53}.Release|Any CPU.Build.0 = Release|Any CPU
		{B684F2B2-BA45-ECF6-B70B-4E1B517E8109}.Debug|Any CPU.ActiveCfg = Debug|Any CPU
		{B684F2B2-BA45-ECF6-B70B-4E1B517E8109}.Debug|Any CPU.Build.0 = Debug|Any CPU
		{B684F2B2-BA45-ECF6-B70B-4E1B517E8109}.Release|Any CPU.ActiveCfg = Release|Any CPU
		{B684F2B2-BA45-ECF6-B70B-4E1B517E8109}.Release|Any CPU.Build.0 = Release|Any CPU
		{4BB3DC0B-212E-F35E-3132-7F83D704F645}.Debug|Any CPU.ActiveCfg = Debug|Any CPU
		{4BB3DC0B-212E-F35E-3132-7F83D704F645}.Debug|Any CPU.Build.0 = Debug|Any CPU
		{4BB3DC0B-212E-F35E-3132-7F83D704F645}.Release|Any CPU.ActiveCfg = Release|Any CPU
		{4BB3DC0B-212E-F35E-3132-7F83D704F645}.Release|Any CPU.Build.0 = Release|Any CPU
		{81DDED9D-158B-E303-5F62-77A2896D2A5A}.Debug|Any CPU.ActiveCfg = Debug|Any CPU
		{81DDED9D-158B-E303-5F62-77A2896D2A5A}.Debug|Any CPU.Build.0 = Debug|Any CPU
		{81DDED9D-158B-E303-5F62-77A2896D2A5A}.Release|Any CPU.ActiveCfg = Release|Any CPU
		{81DDED9D-158B-E303-5F62-77A2896D2A5A}.Release|Any CPU.Build.0 = Release|Any CPU
		{7773ABC4-F579-B0BC-5429-4B1CF40D1ED0}.Debug|Any CPU.ActiveCfg = Debug|Any CPU
		{7773ABC4-F579-B0BC-5429-4B1CF40D1ED0}.Debug|Any CPU.Build.0 = Debug|Any CPU
		{7773ABC4-F579-B0BC-5429-4B1CF40D1ED0}.Release|Any CPU.ActiveCfg = Release|Any CPU
		{7773ABC4-F579-B0BC-5429-4B1CF40D1ED0}.Release|Any CPU.Build.0 = Release|Any CPU
		{74AEC53E-C374-BBED-8292-92413F79C1A2}.Debug|Any CPU.ActiveCfg = Debug|Any CPU
		{74AEC53E-C374-BBED-8292-92413F79C1A2}.Debug|Any CPU.Build.0 = Debug|Any CPU
		{74AEC53E-C374-BBED-8292-92413F79C1A2}.Release|Any CPU.ActiveCfg = Release|Any CPU
		{74AEC53E-C374-BBED-8292-92413F79C1A2}.Release|Any CPU.Build.0 = Release|Any CPU
		{06AB389D-8605-660E-C772-735FC7857F93}.Debug|Any CPU.ActiveCfg = Debug|Any CPU
		{06AB389D-8605-660E-C772-735FC7857F93}.Debug|Any CPU.Build.0 = Debug|Any CPU
		{06AB389D-8605-660E-C772-735FC7857F93}.Release|Any CPU.ActiveCfg = Release|Any CPU
		{06AB389D-8605-660E-C772-735FC7857F93}.Release|Any CPU.Build.0 = Release|Any CPU
		{ABEC2ACD-2D81-2DC6-06A8-40AC178193B3}.Debug|Any CPU.ActiveCfg = Debug|Any CPU
		{ABEC2ACD-2D81-2DC6-06A8-40AC178193B3}.Debug|Any CPU.Build.0 = Debug|Any CPU
		{ABEC2ACD-2D81-2DC6-06A8-40AC178193B3}.Release|Any CPU.ActiveCfg = Release|Any CPU
		{ABEC2ACD-2D81-2DC6-06A8-40AC178193B3}.Release|Any CPU.Build.0 = Release|Any CPU
		{586CB13F-9910-953B-3D72-33CE13ED793F}.Debug|Any CPU.ActiveCfg = Debug|Any CPU
		{586CB13F-9910-953B-3D72-33CE13ED793F}.Debug|Any CPU.Build.0 = Debug|Any CPU
		{586CB13F-9910-953B-3D72-33CE13ED793F}.Release|Any CPU.ActiveCfg = Release|Any CPU
		{586CB13F-9910-953B-3D72-33CE13ED793F}.Release|Any CPU.Build.0 = Release|Any CPU
		{7C1DE3D9-5165-D8E4-ECA0-B43160A290F9}.Debug|Any CPU.ActiveCfg = Debug|Any CPU
		{7C1DE3D9-5165-D8E4-ECA0-B43160A290F9}.Debug|Any CPU.Build.0 = Debug|Any CPU
		{7C1DE3D9-5165-D8E4-ECA0-B43160A290F9}.Release|Any CPU.ActiveCfg = Release|Any CPU
		{7C1DE3D9-5165-D8E4-ECA0-B43160A290F9}.Release|Any CPU.Build.0 = Release|Any CPU
		{E3C45503-AB72-279C-1F7D-B996A87CD569}.Debug|Any CPU.ActiveCfg = Debug|Any CPU
		{E3C45503-AB72-279C-1F7D-B996A87CD569}.Debug|Any CPU.Build.0 = Debug|Any CPU
		{E3C45503-AB72-279C-1F7D-B996A87CD569}.Release|Any CPU.ActiveCfg = Release|Any CPU
		{E3C45503-AB72-279C-1F7D-B996A87CD569}.Release|Any CPU.Build.0 = Release|Any CPU
		{45FF5A82-1E95-9DBF-4A6B-852FC6674608}.Debug|Any CPU.ActiveCfg = Debug|Any CPU
		{45FF5A82-1E95-9DBF-4A6B-852FC6674608}.Debug|Any CPU.Build.0 = Debug|Any CPU
		{45FF5A82-1E95-9DBF-4A6B-852FC6674608}.Release|Any CPU.ActiveCfg = Release|Any CPU
		{45FF5A82-1E95-9DBF-4A6B-852FC6674608}.Release|Any CPU.Build.0 = Release|Any CPU
		{57026528-2641-2859-47F9-9F477CC789D5}.Debug|Any CPU.ActiveCfg = Debug|Any CPU
		{57026528-2641-2859-47F9-9F477CC789D5}.Debug|Any CPU.Build.0 = Debug|Any CPU
		{57026528-2641-2859-47F9-9F477CC789D5}.Release|Any CPU.ActiveCfg = Release|Any CPU
		{57026528-2641-2859-47F9-9F477CC789D5}.Release|Any CPU.Build.0 = Release|Any CPU
	EndGlobalSection
	GlobalSection(SolutionProperties) = preSolution
		HideSolutionNode = FALSE
	EndGlobalSection
	GlobalSection(NestedProjects) = preSolution
		{75F7FF39-415A-051E-9D8A-84A65B2A3F92} = {02EA681E-C7D8-13C7-8484-4AC65E1B71E8}
		{C2099E53-6445-3FB6-1D2B-B607A16C1BCF} = {F6DB53EF-671E-4EBD-AE62-409BB592657B}
		{205DFB88-1E1B-DC1B-0472-420B678B589D} = {F6DB53EF-671E-4EBD-AE62-409BB592657B}
		{09313B20-899F-BFC4-E175-53E8EC472A53} = {F6DB53EF-671E-4EBD-AE62-409BB592657B}
		{B684F2B2-BA45-ECF6-B70B-4E1B517E8109} = {F6DB53EF-671E-4EBD-AE62-409BB592657B}
		{4BB3DC0B-212E-F35E-3132-7F83D704F645} = {F6DB53EF-671E-4EBD-AE62-409BB592657B}
		{7773ABC4-F579-B0BC-5429-4B1CF40D1ED0} = {F6DB53EF-671E-4EBD-AE62-409BB592657B}
		{74AEC53E-C374-BBED-8292-92413F79C1A2} = {D373E46E-FAC0-4EE1-B45A-6BD7E582E7C5}
		{06AB389D-8605-660E-C772-735FC7857F93} = {D373E46E-FAC0-4EE1-B45A-6BD7E582E7C5}
		{ABEC2ACD-2D81-2DC6-06A8-40AC178193B3} = {D373E46E-FAC0-4EE1-B45A-6BD7E582E7C5}
		{586CB13F-9910-953B-3D72-33CE13ED793F} = {D373E46E-FAC0-4EE1-B45A-6BD7E582E7C5}
		{7C1DE3D9-5165-D8E4-ECA0-B43160A290F9} = {D373E46E-FAC0-4EE1-B45A-6BD7E582E7C5}
		{E3C45503-AB72-279C-1F7D-B996A87CD569} = {D373E46E-FAC0-4EE1-B45A-6BD7E582E7C5}
		{45FF5A82-1E95-9DBF-4A6B-852FC6674608} = {1942DD76-040F-4A11-AF42-18AF52C1AB53}
		{57026528-2641-2859-47F9-9F477CC789D5} = {A435C6BF-860F-49BB-B449-1D550866B318}
	EndGlobalSection
	GlobalSection(ExtensibilityGlobals) = postSolution
		SolutionGuid = {ED3CE6AC-5328-499C-A5CD-5B0F91C87338}
	EndGlobalSection
EndGlobal
