
Microsoft Visual Studio Solution File, Format Version 12.00
# Visual Studio Version 17
VisualStudioVersion = 17.14.36221.1 d17.14
MinimumVisualStudioVersion = 10.0.40219.1
Project("{FAE04EC0-301F-11D3-BF4B-00C04F79EFBC}") = "VQAService.Application", "VQAService.Application.csproj", "{69488CFC-9980-4870-ADA0-8EF431033772}"
EndProject
Global
	GlobalSection(SolutionConfigurationPlatforms) = preSolution
		Debug|Any CPU = Debug|Any CPU
		Release|Any CPU = Release|Any CPU
	EndGlobalSection
	GlobalSection(ProjectConfigurationPlatforms) = postSolution
		{69488CFC-9980-4870-ADA0-8EF431033772}.Debug|Any CPU.ActiveCfg = Debug|Any CPU
		{69488CFC-9980-4870-ADA0-8EF431033772}.Debug|Any CPU.Build.0 = Debug|Any CPU
		{69488CFC-9980-4870-ADA0-8EF431033772}.Release|Any CPU.ActiveCfg = Release|Any CPU
		{69488CFC-9980-4870-ADA0-8EF431033772}.Release|Any CPU.Build.0 = Release|Any CPU
	EndGlobalSection
	GlobalSection(SolutionProperties) = preSolution
		HideSolutionNode = FALSE
	EndGlobalSection
	GlobalSection(ExtensibilityGlobals) = postSolution
		SolutionGuid = {3B610BB1-A46C-45CB-84A4-C638A6F6B50B}
	EndGlobalSection
EndGlobal
