
Microsoft Visual Studio Solution File, Format Version 12.00
# Visual Studio Version 17
VisualStudioVersion = 17.14.36221.1 d17.14
MinimumVisualStudioVersion = 10.0.40219.1
Project("{FAE04EC0-301F-11D3-BF4B-00C04F79EFBC}") = "OCRService.Tests", "OCRService.Tests.csproj", "{C28B6662-681B-43FD-8981-0878FE47F265}"
EndProject
Global
	GlobalSection(SolutionConfigurationPlatforms) = preSolution
		Debug|Any CPU = Debug|Any CPU
		Release|Any CPU = Release|Any CPU
	EndGlobalSection
	GlobalSection(ProjectConfigurationPlatforms) = postSolution
		{C28B6662-681B-43FD-8981-0878FE47F265}.Debug|Any CPU.ActiveCfg = Debug|Any CPU
		{C28B6662-681B-43FD-8981-0878FE47F265}.Debug|Any CPU.Build.0 = Debug|Any CPU
		{C28B6662-681B-43FD-8981-0878FE47F265}.Release|Any CPU.ActiveCfg = Release|Any CPU
		{C28B6662-681B-43FD-8981-0878FE47F265}.Release|Any CPU.Build.0 = Release|Any CPU
	EndGlobalSection
	GlobalSection(SolutionProperties) = preSolution
		HideSolutionNode = FALSE
	EndGlobalSection
	GlobalSection(ExtensibilityGlobals) = postSolution
		SolutionGuid = {CCB7ECA0-A3D0-4B50-AB0D-AB392B25192F}
	EndGlobalSection
EndGlobal
