
Microsoft Visual Studio Solution File, Format Version 12.00
# Visual Studio Version 17
VisualStudioVersion = 17.14.36212.18 d17.14
MinimumVisualStudioVersion = 10.0.40219.1
Project("{FAE04EC0-301F-11D3-BF4B-00C04F79EFBC}") = "OCRService.Application", "OCRService.Application.csproj", "{E05757A4-C424-4431-BCA8-1F337F296A03}"
EndProject
Global
	GlobalSection(SolutionConfigurationPlatforms) = preSolution
		Debug|Any CPU = Debug|Any CPU
		Release|Any CPU = Release|Any CPU
	EndGlobalSection
	GlobalSection(ProjectConfigurationPlatforms) = postSolution
		{E05757A4-C424-4431-BCA8-1F337F296A03}.Debug|Any CPU.ActiveCfg = Debug|Any CPU
		{E05757A4-C424-4431-BCA8-1F337F296A03}.Debug|Any CPU.Build.0 = Debug|Any CPU
		{E05757A4-C424-4431-BCA8-1F337F296A03}.Release|Any CPU.ActiveCfg = Release|Any CPU
		{E05757A4-C424-4431-BCA8-1F337F296A03}.Release|Any CPU.Build.0 = Release|Any CPU
	EndGlobalSection
	GlobalSection(SolutionProperties) = preSolution
		HideSolutionNode = FALSE
	EndGlobalSection
	GlobalSection(ExtensibilityGlobals) = postSolution
		SolutionGuid = {848AAAD1-C7F3-432A-860C-FAB785A8F047}
	EndGlobalSection
EndGlobal
