
Microsoft Visual Studio Solution File, Format Version 12.00
# Visual Studio Version 17
VisualStudioVersion = 17.14.36221.1 d17.14
MinimumVisualStudioVersion = 10.0.40219.1
Project("{FAE04EC0-301F-11D3-BF4B-00C04F79EFBC}") = "VQAService.Presentation", "VQAService.Presentation.csproj", "{3F3AB668-B3C4-4DCC-A176-940D0FF42511}"
EndProject
Global
	GlobalSection(SolutionConfigurationPlatforms) = preSolution
		Debug|Any CPU = Debug|Any CPU
		Release|Any CPU = Release|Any CPU
	EndGlobalSection
	GlobalSection(ProjectConfigurationPlatforms) = postSolution
		{3F3AB668-B3C4-4DCC-A176-940D0FF42511}.Debug|Any CPU.ActiveCfg = Debug|Any CPU
		{3F3AB668-B3C4-4DCC-A176-940D0FF42511}.Debug|Any CPU.Build.0 = Debug|Any CPU
		{3F3AB668-B3C4-4DCC-A176-940D0FF42511}.Release|Any CPU.ActiveCfg = Release|Any CPU
		{3F3AB668-B3C4-4DCC-A176-940D0FF42511}.Release|Any CPU.Build.0 = Release|Any CPU
	EndGlobalSection
	GlobalSection(SolutionProperties) = preSolution
		HideSolutionNode = FALSE
	EndGlobalSection
	GlobalSection(ExtensibilityGlobals) = postSolution
		SolutionGuid = {867DCFBE-32A4-4FF0-B693-2261B27E3297}
	EndGlobalSection
EndGlobal
