
Microsoft Visual Studio Solution File, Format Version 12.00
# Visual Studio Version 17
VisualStudioVersion = 17.14.36212.18 d17.14
MinimumVisualStudioVersion = 10.0.40219.1
Project("{FAE04EC0-301F-11D3-BF4B-00C04F79EFBC}") = "OCRService.API", "OCRService.API.csproj", "{1E099B73-3B6A-4D66-A1FD-45D475FF7971}"
EndProject
Global
	GlobalSection(SolutionConfigurationPlatforms) = preSolution
		Debug|Any CPU = Debug|Any CPU
		Release|Any CPU = Release|Any CPU
	EndGlobalSection
	GlobalSection(ProjectConfigurationPlatforms) = postSolution
		{1E099B73-3B6A-4D66-A1FD-45D475FF7971}.Debug|Any CPU.ActiveCfg = Debug|Any CPU
		{1E099B73-3B6A-4D66-A1FD-45D475FF7971}.Debug|Any CPU.Build.0 = Debug|Any CPU
		{1E099B73-3B6A-4D66-A1FD-45D475FF7971}.Release|Any CPU.ActiveCfg = Release|Any CPU
		{1E099B73-3B6A-4D66-A1FD-45D475FF7971}.Release|Any CPU.Build.0 = Release|Any CPU
	EndGlobalSection
	GlobalSection(SolutionProperties) = preSolution
		HideSolutionNode = FALSE
	EndGlobalSection
	GlobalSection(ExtensibilityGlobals) = postSolution
		SolutionGuid = {692EECEE-C13E-41A8-8457-0AC697AB47D1}
	EndGlobalSection
EndGlobal
